
Microsoft Visual Studio Solution File, Format Version 12.00
# Visual Studio 2013
VisualStudioVersion = 12.0.30501.0
MinimumVisualStudioVersion = 10.0.40219.1
Project("{FAE04EC0-301F-11D3-BF4B-00C04F79EFBC}") = "AngularJSBootstrapProject", "AngularJSBootstrapProject\AngularJSBootstrapProject.csproj", "{557ABCC9-F99C-4DB1-8799-A690BD5CD257}"
EndProject
Project("{FAE04EC0-301F-11D3-BF4B-00C04F79EFBC}") = "AngularJSBootstrapProject.Tests", "AngularJSBootstrapProject.Tests\AngularJSBootstrapProject.Tests.csproj", "{BAA8C0C6-41F7-49FD-9C93-298F43907B64}"
EndProject
Global
	GlobalSection(SolutionConfigurationPlatforms) = preSolution
		Debug|Any CPU = Debug|Any CPU
		Release|Any CPU = Release|Any CPU
	EndGlobalSection
	GlobalSection(ProjectConfigurationPlatforms) = postSolution
		{557ABCC9-F99C-4DB1-8799-A690BD5CD257}.Debug|Any CPU.ActiveCfg = Debug|Any CPU
		{557ABCC9-F99C-4DB1-8799-A690BD5CD257}.Debug|Any CPU.Build.0 = Debug|Any CPU
		{557ABCC9-F99C-4DB1-8799-A690BD5CD257}.Release|Any CPU.ActiveCfg = Release|Any CPU
		{557ABCC9-F99C-4DB1-8799-A690BD5CD257}.Release|Any CPU.Build.0 = Release|Any CPU
		{BAA8C0C6-41F7-49FD-9C93-298F43907B64}.Debug|Any CPU.ActiveCfg = Debug|Any CPU
		{BAA8C0C6-41F7-49FD-9C93-298F43907B64}.Debug|Any CPU.Build.0 = Debug|Any CPU
		{BAA8C0C6-41F7-49FD-9C93-298F43907B64}.Release|Any CPU.ActiveCfg = Release|Any CPU
		{BAA8C0C6-41F7-49FD-9C93-298F43907B64}.Release|Any CPU.Build.0 = Release|Any CPU
	EndGlobalSection
	GlobalSection(SolutionProperties) = preSolution
		HideSolutionNode = FALSE
	EndGlobalSection
EndGlobal
